
Microsoft Visual Studio Solution File, Format Version 12.00
# Visual Studio 14
VisualStudioVersion = 14.0.25420.1
MinimumVisualStudioVersion = 10.0.40219.1
Project("{FAE04EC0-301F-11D3-BF4B-00C04F79EFBC}") = "Demo", "Demo\Demo.csproj", "{137C5DE1-E278-42AE-B40B-1F3BCEEC4843}"
EndProject
Project("{FAE04EC0-301F-11D3-BF4B-00C04F79EFBC}") = "ViewModel", "ViewModel\ViewModel.csproj", "{1370DF33-D854-4745-886F-951BD730BA12}"
EndProject
Global
	GlobalSection(SolutionConfigurationPlatforms) = preSolution
		Debug|Any CPU = Debug|Any CPU
		Release|Any CPU = Release|Any CPU
	EndGlobalSection
	GlobalSection(ProjectConfigurationPlatforms) = postSolution
		{137C5DE1-E278-42AE-B40B-1F3BCEEC4843}.Debug|Any CPU.ActiveCfg = Debug|Any CPU
		{137C5DE1-E278-42AE-B40B-1F3BCEEC4843}.Debug|Any CPU.Build.0 = Debug|Any CPU
		{137C5DE1-E278-42AE-B40B-1F3BCEEC4843}.Release|Any CPU.ActiveCfg = Release|Any CPU
		{137C5DE1-E278-42AE-B40B-1F3BCEEC4843}.Release|Any CPU.Build.0 = Release|Any CPU
		{1370DF33-D854-4745-886F-951BD730BA12}.Debug|Any CPU.ActiveCfg = Debug|Any CPU
		{1370DF33-D854-4745-886F-951BD730BA12}.Debug|Any CPU.Build.0 = Debug|Any CPU
		{1370DF33-D854-4745-886F-951BD730BA12}.Release|Any CPU.ActiveCfg = Release|Any CPU
		{1370DF33-D854-4745-886F-951BD730BA12}.Release|Any CPU.Build.0 = Release|Any CPU
	EndGlobalSection
	GlobalSection(SolutionProperties) = preSolution
		HideSolutionNode = FALSE
	EndGlobalSection
EndGlobal
